{
  "name": "brower-internet-tictactoe",
  "version": "1.0.0",
  "lockfileVersion": 3,
  "requires": true,
  "packages": {
    "": {
      "name": "brower-internet-tictactoe",
      "version": "1.0.0",
      "license": "ISC",
      "dependencies": {
        "game-signaling-server": "github:immortalnights/game-signaling-server",
        "typescript": "^5.3.3"
      }
    },
    "node_modules/@babel/runtime": {
      "version": "7.23.9",
      "resolved": "https://registry.npmjs.org/@babel/runtime/-/runtime-7.23.9.tgz",
      "integrity": "sha512-0CX6F+BI2s9dkUqr08KFrAIZgNFj75rdBU/DjCyYLIaV/quFjkk6T+EJ2LkZHyZTbEV4L5p97mNkUsHl2wLFAw==",
      "dependencies": {
        "regenerator-runtime": "^0.14.0"
      },
      "engines": {
        "node": ">=6.9.0"
      }
    },
    "node_modules/@fidm/asn1": {
      "version": "1.0.4",
      "resolved": "https://registry.npmjs.org/@fidm/asn1/-/asn1-1.0.4.tgz",
      "integrity": "sha512-esd1jyNvRb2HVaQGq2Gg8Z0kbQPXzV9Tq5Z14KNIov6KfFD6PTaRIO8UpcsYiTNzOqJpmyzWgVTrUwFV3UF4TQ==",
      "engines": {
        "node": ">= 8"
      }
    },
    "node_modules/@fidm/x509": {
      "version": "1.2.1",
      "resolved": "https://registry.npmjs.org/@fidm/x509/-/x509-1.2.1.tgz",
      "integrity": "sha512-nwc2iesjyc9hkuzcrMCBXQRn653XuAUKorfWM8PZyJawiy1QzLj4vahwzaI25+pfpwOLvMzbJ0uKpWLDNmo16w==",
      "dependencies": {
        "@fidm/asn1": "^1.0.4",
        "tweetnacl": "^1.0.1"
      },
      "engines": {
        "node": ">= 8"
      }
    },
    "node_modules/@inquirer/checkbox": {
      "version": "1.5.2",
      "resolved": "https://registry.npmjs.org/@inquirer/checkbox/-/checkbox-1.5.2.tgz",
      "integrity": "sha512-CifrkgQjDkUkWexmgYYNyB5603HhTHI91vLFeQXh6qrTKiCMVASol01Rs1cv6LP/A2WccZSRlJKZhbaBIs/9ZA==",
      "dependencies": {
        "@inquirer/core": "^6.0.0",
        "@inquirer/type": "^1.1.6",
        "ansi-escapes": "^4.3.2",
        "chalk": "^4.1.2",
        "figures": "^3.2.0"
      },
      "engines": {
        "node": ">=14.18.0"
      }
    },
    "node_modules/@inquirer/confirm": {
      "version": "2.0.17",
      "resolved": "https://registry.npmjs.org/@inquirer/confirm/-/confirm-2.0.17.tgz",
      "integrity": "sha512-EqzhGryzmGpy2aJf6LxJVhndxYmFs+m8cxXzf8nejb1DE3sabf6mUgBcp4J0jAUEiAcYzqmkqRr7LPFh/WdnXA==",
      "dependencies": {
        "@inquirer/core": "^6.0.0",
        "@inquirer/type": "^1.1.6",
        "chalk": "^4.1.2"
      },
      "engines": {
        "node": ">=14.18.0"
      }
    },
    "node_modules/@inquirer/core": {
      "version": "6.0.0",
      "resolved": "https://registry.npmjs.org/@inquirer/core/-/core-6.0.0.tgz",
      "integrity": "sha512-fKi63Khkisgda3ohnskNf5uZJj+zXOaBvOllHsOkdsXRA/ubQLJQrZchFFi57NKbZzkTunXiBMdvWOv71alonw==",
      "dependencies": {
        "@inquirer/type": "^1.1.6",
        "@types/mute-stream": "^0.0.4",
        "@types/node": "^20.10.7",
        "@types/wrap-ansi": "^3.0.0",
        "ansi-escapes": "^4.3.2",
        "chalk": "^4.1.2",
        "cli-spinners": "^2.9.2",
        "cli-width": "^4.1.0",
        "figures": "^3.2.0",
        "mute-stream": "^1.0.0",
        "run-async": "^3.0.0",
        "signal-exit": "^4.1.0",
        "strip-ansi": "^6.0.1",
        "wrap-ansi": "^6.2.0"
      },
      "engines": {
        "node": ">=14.18.0"
      }
    },
    "node_modules/@inquirer/editor": {
      "version": "1.2.15",
      "resolved": "https://registry.npmjs.org/@inquirer/editor/-/editor-1.2.15.tgz",
      "integrity": "sha512-gQ77Ls09x5vKLVNMH9q/7xvYPT6sIs5f7URksw+a2iJZ0j48tVS6crLqm2ugG33tgXHIwiEqkytY60Zyh5GkJQ==",
      "dependencies": {
        "@inquirer/core": "^6.0.0",
        "@inquirer/type": "^1.1.6",
        "chalk": "^4.1.2",
        "external-editor": "^3.1.0"
      },
      "engines": {
        "node": ">=14.18.0"
      }
    },
    "node_modules/@inquirer/expand": {
      "version": "1.1.16",
      "resolved": "https://registry.npmjs.org/@inquirer/expand/-/expand-1.1.16.tgz",
      "integrity": "sha512-TGLU9egcuo+s7PxphKUCnJnpCIVY32/EwPCLLuu+gTvYiD8hZgx8Z2niNQD36sa6xcfpdLY6xXDBiL/+g1r2XQ==",
      "dependencies": {
        "@inquirer/core": "^6.0.0",
        "@inquirer/type": "^1.1.6",
        "chalk": "^4.1.2",
        "figures": "^3.2.0"
      },
      "engines": {
        "node": ">=14.18.0"
      }
    },
    "node_modules/@inquirer/input": {
      "version": "1.2.16",
      "resolved": "https://registry.npmjs.org/@inquirer/input/-/input-1.2.16.tgz",
      "integrity": "sha512-Ou0LaSWvj1ni+egnyQ+NBtfM1885UwhRCMtsRt2bBO47DoC1dwtCa+ZUNgrxlnCHHF0IXsbQHYtIIjFGAavI4g==",
      "dependencies": {
        "@inquirer/core": "^6.0.0",
        "@inquirer/type": "^1.1.6",
        "chalk": "^4.1.2"
      },
      "engines": {
        "node": ">=14.18.0"
      }
    },
    "node_modules/@inquirer/password": {
      "version": "1.1.16",
      "resolved": "https://registry.npmjs.org/@inquirer/password/-/password-1.1.16.tgz",
      "integrity": "sha512-aZYZVHLUXZ2gbBot+i+zOJrks1WaiI95lvZCn1sKfcw6MtSSlYC8uDX8sTzQvAsQ8epHoP84UNvAIT0KVGOGqw==",
      "dependencies": {
        "@inquirer/core": "^6.0.0",
        "@inquirer/type": "^1.1.6",
        "ansi-escapes": "^4.3.2",
        "chalk": "^4.1.2"
      },
      "engines": {
        "node": ">=14.18.0"
      }
    },
    "node_modules/@inquirer/prompts": {
      "version": "3.3.2",
      "resolved": "https://registry.npmjs.org/@inquirer/prompts/-/prompts-3.3.2.tgz",
      "integrity": "sha512-k52mOMRvTUejrqyF1h8Z07chC+sbaoaUYzzr1KrJXyj7yaX7Nrh0a9vktv8TuocRwIJOQMaj5oZEmkspEcJFYQ==",
      "dependencies": {
        "@inquirer/checkbox": "^1.5.2",
        "@inquirer/confirm": "^2.0.17",
        "@inquirer/core": "^6.0.0",
        "@inquirer/editor": "^1.2.15",
        "@inquirer/expand": "^1.1.16",
        "@inquirer/input": "^1.2.16",
        "@inquirer/password": "^1.1.16",
        "@inquirer/rawlist": "^1.2.16",
        "@inquirer/select": "^1.3.3"
      },
      "engines": {
        "node": ">=14.18.0"
      }
    },
    "node_modules/@inquirer/rawlist": {
      "version": "1.2.16",
      "resolved": "https://registry.npmjs.org/@inquirer/rawlist/-/rawlist-1.2.16.tgz",
      "integrity": "sha512-pZ6TRg2qMwZAOZAV6TvghCtkr53dGnK29GMNQ3vMZXSNguvGqtOVc4j/h1T8kqGJFagjyfBZhUPGwNS55O5qPQ==",
      "dependencies": {
        "@inquirer/core": "^6.0.0",
        "@inquirer/type": "^1.1.6",
        "chalk": "^4.1.2"
      },
      "engines": {
        "node": ">=14.18.0"
      }
    },
    "node_modules/@inquirer/select": {
      "version": "1.3.3",
      "resolved": "https://registry.npmjs.org/@inquirer/select/-/select-1.3.3.tgz",
      "integrity": "sha512-RzlRISXWqIKEf83FDC9ZtJ3JvuK1l7aGpretf41BCWYrvla2wU8W8MTRNMiPrPJ+1SIqrRC1nZdZ60hD9hRXLg==",
      "dependencies": {
        "@inquirer/core": "^6.0.0",
        "@inquirer/type": "^1.1.6",
        "ansi-escapes": "^4.3.2",
        "chalk": "^4.1.2",
        "figures": "^3.2.0"
      },
      "engines": {
        "node": ">=14.18.0"
      }
    },
    "node_modules/@inquirer/type": {
      "version": "1.2.0",
      "resolved": "https://registry.npmjs.org/@inquirer/type/-/type-1.2.0.tgz",
      "integrity": "sha512-/vvkUkYhrjbm+RolU7V1aUFDydZVKNKqKHR5TsE+j5DXgXFwrsOPcoGUJ02K0O7q7O53CU2DOTMYCHeGZ25WHA==",
      "engines": {
        "node": ">=18"
      }
    },
    "node_modules/@minhducsun2002/leb128": {
      "version": "1.0.0",
      "resolved": "https://registry.npmjs.org/@minhducsun2002/leb128/-/leb128-1.0.0.tgz",
      "integrity": "sha512-eFrYUPDVHeuwWHluTG1kwNQUEUcFjVKYwPkU8z9DR1JH3AW7JtJsG9cRVGmwz809kKtGfwGJj58juCZxEvnI/g=="
    },
    "node_modules/@noble/curves": {
      "version": "1.3.0",
      "resolved": "https://registry.npmjs.org/@noble/curves/-/curves-1.3.0.tgz",
      "integrity": "sha512-t01iSXPuN+Eqzb4eBX0S5oubSqXbK/xXa1Ne18Hj8f9pStxztHCE2gfboSp/dZRLSqfuLpRK2nDXDK+W9puocA==",
      "dependencies": {
        "@noble/hashes": "1.3.3"
      },
      "funding": {
        "url": "https://paulmillr.com/funding/"
      }
    },
    "node_modules/@noble/hashes": {
      "version": "1.3.3",
      "resolved": "https://registry.npmjs.org/@noble/hashes/-/hashes-1.3.3.tgz",
      "integrity": "sha512-V7/fPHgl+jsVPXqqeOzT8egNj2iBIVt+ECeMMG8TdcnTikP3oaBtUVqpT/gYCR68aEBJSF+XbYUxStjbFMqIIA==",
      "engines": {
        "node": ">= 16"
      },
      "funding": {
        "url": "https://paulmillr.com/funding/"
      }
    },
    "node_modules/@peculiar/asn1-cms": {
      "version": "2.3.8",
      "resolved": "https://registry.npmjs.org/@peculiar/asn1-cms/-/asn1-cms-2.3.8.tgz",
      "integrity": "sha512-Wtk9R7yQxGaIaawHorWKP2OOOm/RZzamOmSWwaqGphIuU6TcKYih0slL6asZlSSZtVoYTrBfrddSOD/jTu9vuQ==",
      "dependencies": {
        "@peculiar/asn1-schema": "^2.3.8",
        "@peculiar/asn1-x509": "^2.3.8",
        "@peculiar/asn1-x509-attr": "^2.3.8",
        "asn1js": "^3.0.5",
        "tslib": "^2.6.2"
      }
    },
    "node_modules/@peculiar/asn1-csr": {
      "version": "2.3.8",
      "resolved": "https://registry.npmjs.org/@peculiar/asn1-csr/-/asn1-csr-2.3.8.tgz",
      "integrity": "sha512-ZmAaP2hfzgIGdMLcot8gHTykzoI+X/S53x1xoGbTmratETIaAbSWMiPGvZmXRA0SNEIydpMkzYtq4fQBxN1u1w==",
      "dependencies": {
        "@peculiar/asn1-schema": "^2.3.8",
        "@peculiar/asn1-x509": "^2.3.8",
        "asn1js": "^3.0.5",
        "tslib": "^2.6.2"
      }
    },
    "node_modules/@peculiar/asn1-ecc": {
      "version": "2.3.8",
      "resolved": "https://registry.npmjs.org/@peculiar/asn1-ecc/-/asn1-ecc-2.3.8.tgz",
      "integrity": "sha512-Ah/Q15y3A/CtxbPibiLM/LKcMbnLTdUdLHUgdpB5f60sSvGkXzxJCu5ezGTFHogZXWNX3KSmYqilCrfdmBc6pQ==",
      "dependencies": {
        "@peculiar/asn1-schema": "^2.3.8",
        "@peculiar/asn1-x509": "^2.3.8",
        "asn1js": "^3.0.5",
        "tslib": "^2.6.2"
      }
    },
    "node_modules/@peculiar/asn1-pfx": {
      "version": "2.3.8",
      "resolved": "https://registry.npmjs.org/@peculiar/asn1-pfx/-/asn1-pfx-2.3.8.tgz",
      "integrity": "sha512-XhdnCVznMmSmgy68B9pVxiZ1XkKoE1BjO4Hv+eUGiY1pM14msLsFZ3N7K46SoITIVZLq92kKkXpGiTfRjlNLyg==",
      "dependencies": {
        "@peculiar/asn1-cms": "^2.3.8",
        "@peculiar/asn1-pkcs8": "^2.3.8",
        "@peculiar/asn1-rsa": "^2.3.8",
        "@peculiar/asn1-schema": "^2.3.8",
        "asn1js": "^3.0.5",
        "tslib": "^2.6.2"
      }
    },
    "node_modules/@peculiar/asn1-pkcs8": {
      "version": "2.3.8",
      "resolved": "https://registry.npmjs.org/@peculiar/asn1-pkcs8/-/asn1-pkcs8-2.3.8.tgz",
      "integrity": "sha512-rL8k2x59v8lZiwLRqdMMmOJ30GHt6yuHISFIuuWivWjAJjnxzZBVzMTQ72sknX5MeTSSvGwPmEFk2/N8+UztFQ==",
      "dependencies": {
        "@peculiar/asn1-schema": "^2.3.8",
        "@peculiar/asn1-x509": "^2.3.8",
        "asn1js": "^3.0.5",
        "tslib": "^2.6.2"
      }
    },
    "node_modules/@peculiar/asn1-pkcs9": {
      "version": "2.3.8",
      "resolved": "https://registry.npmjs.org/@peculiar/asn1-pkcs9/-/asn1-pkcs9-2.3.8.tgz",
      "integrity": "sha512-+nONq5tcK7vm3qdY7ZKoSQGQjhJYMJbwJGbXLFOhmqsFIxEWyQPHyV99+wshOjpOjg0wUSSkEEzX2hx5P6EKeQ==",
      "dependencies": {
        "@peculiar/asn1-cms": "^2.3.8",
        "@peculiar/asn1-pfx": "^2.3.8",
        "@peculiar/asn1-pkcs8": "^2.3.8",
        "@peculiar/asn1-schema": "^2.3.8",
        "@peculiar/asn1-x509": "^2.3.8",
        "@peculiar/asn1-x509-attr": "^2.3.8",
        "asn1js": "^3.0.5",
        "tslib": "^2.6.2"
      }
    },
    "node_modules/@peculiar/asn1-rsa": {
      "version": "2.3.8",
      "resolved": "https://registry.npmjs.org/@peculiar/asn1-rsa/-/asn1-rsa-2.3.8.tgz",
      "integrity": "sha512-ES/RVEHu8VMYXgrg3gjb1m/XG0KJWnV4qyZZ7mAg7rrF3VTmRbLxO8mk+uy0Hme7geSMebp+Wvi2U6RLLEs12Q==",
      "dependencies": {
        "@peculiar/asn1-schema": "^2.3.8",
        "@peculiar/asn1-x509": "^2.3.8",
        "asn1js": "^3.0.5",
        "tslib": "^2.6.2"
      }
    },
    "node_modules/@peculiar/asn1-schema": {
      "version": "2.3.8",
      "resolved": "https://registry.npmjs.org/@peculiar/asn1-schema/-/asn1-schema-2.3.8.tgz",
      "integrity": "sha512-ULB1XqHKx1WBU/tTFIA+uARuRoBVZ4pNdOA878RDrRbBfBGcSzi5HBkdScC6ZbHn8z7L8gmKCgPC1LHRrP46tA==",
      "dependencies": {
        "asn1js": "^3.0.5",
        "pvtsutils": "^1.3.5",
        "tslib": "^2.6.2"
      }
    },
    "node_modules/@peculiar/asn1-x509": {
      "version": "2.3.8",
      "resolved": "https://registry.npmjs.org/@peculiar/asn1-x509/-/asn1-x509-2.3.8.tgz",
      "integrity": "sha512-voKxGfDU1c6r9mKiN5ZUsZWh3Dy1BABvTM3cimf0tztNwyMJPhiXY94eRTgsMQe6ViLfT6EoXxkWVzcm3mFAFw==",
      "dependencies": {
        "@peculiar/asn1-schema": "^2.3.8",
        "asn1js": "^3.0.5",
        "ipaddr.js": "^2.1.0",
        "pvtsutils": "^1.3.5",
        "tslib": "^2.6.2"
      }
    },
    "node_modules/@peculiar/asn1-x509-attr": {
      "version": "2.3.8",
      "resolved": "https://registry.npmjs.org/@peculiar/asn1-x509-attr/-/asn1-x509-attr-2.3.8.tgz",
      "integrity": "sha512-4Z8mSN95MOuX04Aku9BUyMdsMKtVQUqWnr627IheiWnwFoheUhX3R4Y2zh23M7m80r4/WG8MOAckRKc77IRv6g==",
      "dependencies": {
        "@peculiar/asn1-schema": "^2.3.8",
        "@peculiar/asn1-x509": "^2.3.8",
        "asn1js": "^3.0.5",
        "tslib": "^2.6.2"
      }
    },
    "node_modules/@peculiar/json-schema": {
      "version": "1.1.12",
      "resolved": "https://registry.npmjs.org/@peculiar/json-schema/-/json-schema-1.1.12.tgz",
      "integrity": "sha512-coUfuoMeIB7B8/NMekxaDzLhaYmp0HZNPEjYRm9goRou8UZIC3z21s0sL9AWoCw4EG876QyO3kYrc61WNF9B/w==",
      "dependencies": {
        "tslib": "^2.0.0"
      },
      "engines": {
        "node": ">=8.0.0"
      }
    },
    "node_modules/@peculiar/webcrypto": {
      "version": "1.4.5",
      "resolved": "https://registry.npmjs.org/@peculiar/webcrypto/-/webcrypto-1.4.5.tgz",
      "integrity": "sha512-oDk93QCDGdxFRM8382Zdminzs44dg3M2+E5Np+JWkpqLDyJC9DviMh8F8mEJkYuUcUOGA5jHO5AJJ10MFWdbZw==",
      "dependencies": {
        "@peculiar/asn1-schema": "^2.3.8",
        "@peculiar/json-schema": "^1.1.12",
        "pvtsutils": "^1.3.5",
        "tslib": "^2.6.2",
        "webcrypto-core": "^1.7.8"
      },
      "engines": {
        "node": ">=10.12.0"
      }
    },
    "node_modules/@peculiar/x509": {
      "version": "1.9.7",
      "resolved": "https://registry.npmjs.org/@peculiar/x509/-/x509-1.9.7.tgz",
      "integrity": "sha512-O+fR1ge6U8upO52q5b3d4tF4SxUdK4IQ0y++Z/Wlqq+ySZUf+deHnbMlDB1YZsIQ/DXU0i5M7Y1DyF5kwpXouQ==",
      "dependencies": {
        "@peculiar/asn1-cms": "^2.3.8",
        "@peculiar/asn1-csr": "^2.3.8",
        "@peculiar/asn1-ecc": "^2.3.8",
        "@peculiar/asn1-pkcs9": "^2.3.8",
        "@peculiar/asn1-rsa": "^2.3.8",
        "@peculiar/asn1-schema": "^2.3.8",
        "@peculiar/asn1-x509": "^2.3.8",
        "pvtsutils": "^1.3.5",
        "reflect-metadata": "^0.2.1",
        "tslib": "^2.6.2",
        "tsyringe": "^4.8.0"
      }
    },
    "node_modules/@shinyoshiaki/ebml-builder": {
      "version": "0.0.1",
      "resolved": "https://registry.npmjs.org/@shinyoshiaki/ebml-builder/-/ebml-builder-0.0.1.tgz",
      "integrity": "sha512-rz1LklnlZ0yvVIt924yRGu+R87Fhfa06BdRIZR6GF6SXVSBTD9wCQmN6opXQLuSkoKXleWJwF3PW1ls8DGZjtw==",
      "dependencies": {
        "lodash.memoize": "^4.1.2"
      }
    },
    "node_modules/@types/mute-stream": {
      "version": "0.0.4",
      "resolved": "https://registry.npmjs.org/@types/mute-stream/-/mute-stream-0.0.4.tgz",
      "integrity": "sha512-CPM9nzrCPPJHQNA9keH9CVkVI+WR5kMa+7XEs5jcGQ0VoAGnLv242w8lIVgwAEfmE4oufJRaTc9PNLQl0ioAow==",
      "dependencies": {
        "@types/node": "*"
      }
    },
    "node_modules/@types/node": {
      "version": "20.11.17",
      "resolved": "https://registry.npmjs.org/@types/node/-/node-20.11.17.tgz",
      "integrity": "sha512-QmgQZGWu1Yw9TDyAP9ZzpFJKynYNeOvwMJmaxABfieQoVoiVOS6MN1WSpqpRcbeA5+RW82kraAVxCCJg+780Qw==",
      "dependencies": {
        "undici-types": "~5.26.4"
      }
    },
    "node_modules/@types/wrap-ansi": {
      "version": "3.0.0",
      "resolved": "https://registry.npmjs.org/@types/wrap-ansi/-/wrap-ansi-3.0.0.tgz",
      "integrity": "sha512-ltIpx+kM7g/MLRZfkbL7EsCEjfzCcScLpkg37eXEtx5kmrAKBkTJwd1GIAjDSL8wTpM6Hzn5YO4pSb91BEwu1g=="
    },
    "node_modules/aes-js": {
      "version": "3.1.2",
      "resolved": "https://registry.npmjs.org/aes-js/-/aes-js-3.1.2.tgz",
      "integrity": "sha512-e5pEa2kBnBOgR4Y/p20pskXI74UEz7de8ZGVo58asOtvSVG5YAbJeELPZxOmt+Bnz3rX753YKhfIn4X4l1PPRQ=="
    },
    "node_modules/ansi-escapes": {
      "version": "4.3.2",
      "resolved": "https://registry.npmjs.org/ansi-escapes/-/ansi-escapes-4.3.2.tgz",
      "integrity": "sha512-gKXj5ALrKWQLsYG9jlTRmR/xKluxHV+Z9QEwNIgCfM1/uwPMCuzVVnh5mwTd+OuBZcwSIMbqssNWRm1lE51QaQ==",
      "dependencies": {
        "type-fest": "^0.21.3"
      },
      "engines": {
        "node": ">=8"
      },
      "funding": {
        "url": "https://github.com/sponsors/sindresorhus"
      }
    },
    "node_modules/ansi-regex": {
      "version": "5.0.1",
      "resolved": "https://registry.npmjs.org/ansi-regex/-/ansi-regex-5.0.1.tgz",
      "integrity": "sha512-quJQXlTSUGL2LH9SUXo8VwsY4soanhgo6LNSm84E1LBcE8s3O0wpdiRzyR9z/ZZJMlMWv37qOOb9pdJlMUEKFQ==",
      "engines": {
        "node": ">=8"
      }
    },
    "node_modules/ansi-styles": {
      "version": "4.3.0",
      "resolved": "https://registry.npmjs.org/ansi-styles/-/ansi-styles-4.3.0.tgz",
      "integrity": "sha512-zbB9rCJAT1rbjiVDb2hqKFHNYLxgtk8NURxZ3IZwD3F6NtxbXZQCnnSi1Lkx+IDohdPlFp222wVALIheZJQSEg==",
      "dependencies": {
        "color-convert": "^2.0.1"
      },
      "engines": {
        "node": ">=8"
      },
      "funding": {
        "url": "https://github.com/chalk/ansi-styles?sponsor=1"
      }
    },
    "node_modules/asn1js": {
      "version": "3.0.5",
      "resolved": "https://registry.npmjs.org/asn1js/-/asn1js-3.0.5.tgz",
      "integrity": "sha512-FVnvrKJwpt9LP2lAMl8qZswRNm3T4q9CON+bxldk2iwk3FFpuwhx2FfinyitizWHsVYyaY+y5JzDR0rCMV5yTQ==",
      "dependencies": {
        "pvtsutils": "^1.3.2",
        "pvutils": "^1.1.3",
        "tslib": "^2.4.0"
      },
      "engines": {
        "node": ">=12.0.0"
      }
    },
    "node_modules/big-integer": {
      "version": "1.6.52",
      "resolved": "https://registry.npmjs.org/big-integer/-/big-integer-1.6.52.tgz",
      "integrity": "sha512-QxD8cf2eVqJOOz63z6JIN9BzvVs/dlySa5HGSBH5xtR8dPteIRQnBxxKqkNTiT6jbDTF6jAfrd4oMcND9RGbQg==",
      "engines": {
        "node": ">=0.6"
      }
    },
    "node_modules/binary-data": {
      "version": "0.6.0",
      "resolved": "https://registry.npmjs.org/binary-data/-/binary-data-0.6.0.tgz",
      "integrity": "sha512-HGiT0ir03tS1u7iWdW5xjJfbPpvxH2qJbPFxXW0I3P5iOzkbjN/cJy5GlpAwmjHW5CiayGOxZ/ytLzXmYgdgqQ==",
      "dependencies": {
        "generate-function": "^2.3.1",
        "is-plain-object": "^2.0.3"
      },
      "engines": {
        "node": ">=6"
      }
    },
    "node_modules/buffer-crc32": {
      "version": "0.2.13",
      "resolved": "https://registry.npmjs.org/buffer-crc32/-/buffer-crc32-0.2.13.tgz",
      "integrity": "sha512-VO9Ht/+p3SN7SKWqcrgEzjGbRSJYTx+Q1pTQC0wrWqHx0vpJraQ6GtHx8tvcg1rlK1byhU5gccxgOgj7B0TDkQ==",
      "engines": {
        "node": "*"
      }
    },
    "node_modules/chalk": {
      "version": "4.1.2",
      "resolved": "https://registry.npmjs.org/chalk/-/chalk-4.1.2.tgz",
      "integrity": "sha512-oKnbhFyRIXpUuez8iBMmyEa4nbj4IOQyuhc/wy9kY7/WVPcwIO9VA668Pu8RkO7+0G76SLROeyw9CpQ061i4mA==",
      "dependencies": {
        "ansi-styles": "^4.1.0",
        "supports-color": "^7.1.0"
      },
      "engines": {
        "node": ">=10"
      },
      "funding": {
        "url": "https://github.com/chalk/chalk?sponsor=1"
      }
    },
    "node_modules/chardet": {
      "version": "0.7.0",
      "resolved": "https://registry.npmjs.org/chardet/-/chardet-0.7.0.tgz",
      "integrity": "sha512-mT8iDcrh03qDGRRmoA2hmBJnxpllMR+0/0qlzjqZES6NdiWDcZkCNAk4rPFZ9Q85r27unkiNNg8ZOiwZXBHwcA=="
    },
    "node_modules/cli-spinners": {
      "version": "2.9.2",
      "resolved": "https://registry.npmjs.org/cli-spinners/-/cli-spinners-2.9.2.tgz",
      "integrity": "sha512-ywqV+5MmyL4E7ybXgKys4DugZbX0FC6LnwrhjuykIjnK9k8OQacQ7axGKnjDXWNhns0xot3bZI5h55H8yo9cJg==",
      "engines": {
        "node": ">=6"
      },
      "funding": {
        "url": "https://github.com/sponsors/sindresorhus"
      }
    },
    "node_modules/cli-width": {
      "version": "4.1.0",
      "resolved": "https://registry.npmjs.org/cli-width/-/cli-width-4.1.0.tgz",
      "integrity": "sha512-ouuZd4/dm2Sw5Gmqy6bGyNNNe1qt9RpmxveLSO7KcgsTnU7RXfsw+/bukWGo1abgBiMAic068rclZsO4IWmmxQ==",
      "engines": {
        "node": ">= 12"
      }
    },
    "node_modules/color-convert": {
      "version": "2.0.1",
      "resolved": "https://registry.npmjs.org/color-convert/-/color-convert-2.0.1.tgz",
      "integrity": "sha512-RRECPsj7iu/xb5oKYcsFHSppFNnsj/52OVTRKb4zP5onXwVF3zVmmToNcOfGC+CRDpfK/U584fMg38ZHCaElKQ==",
      "dependencies": {
        "color-name": "~1.1.4"
      },
      "engines": {
        "node": ">=7.0.0"
      }
    },
    "node_modules/color-name": {
      "version": "1.1.4",
      "resolved": "https://registry.npmjs.org/color-name/-/color-name-1.1.4.tgz",
      "integrity": "sha512-dOy+3AuW3a2wNbZHIuMZpTcgjGuLU/uBL/ubcZF9OXbDo8ff4O8yVp5Bf0efS8uEoYo5q4Fx7dY9OgQGXgAsQA=="
    },
    "node_modules/commander": {
      "version": "11.1.0",
      "resolved": "https://registry.npmjs.org/commander/-/commander-11.1.0.tgz",
      "integrity": "sha512-yPVavfyCcRhmorC7rWlkHn15b4wDVgVmBA7kV4QVBsF7kv/9TKJAbAXVTxvTnwP8HHKjRCJDClKbciiYS7p0DQ==",
      "engines": {
        "node": ">=16"
      }
    },
    "node_modules/date-fns": {
      "version": "2.30.0",
      "resolved": "https://registry.npmjs.org/date-fns/-/date-fns-2.30.0.tgz",
      "integrity": "sha512-fnULvOpxnC5/Vg3NCiWelDsLiUc9bRwAPs/+LfTLNvetFCtCTN+yQz15C/fs4AwX1R9K5GLtLfn8QW+dWisaAw==",
      "dependencies": {
        "@babel/runtime": "^7.21.0"
      },
      "engines": {
        "node": ">=0.11"
      },
      "funding": {
        "type": "opencollective",
        "url": "https://opencollective.com/date-fns"
      }
    },
    "node_modules/debug": {
      "version": "4.3.4",
      "resolved": "https://registry.npmjs.org/debug/-/debug-4.3.4.tgz",
      "integrity": "sha512-PRWFHuSU3eDtQJPvnNY7Jcket1j0t5OuOsFzPPzsekD52Zl8qUfFIPEiswXqIvHWGVHOgX+7G/vCNNhehwxfkQ==",
      "dependencies": {
        "ms": "2.1.2"
      },
      "engines": {
        "node": ">=6.0"
      },
      "peerDependenciesMeta": {
        "supports-color": {
          "optional": true
        }
      }
    },
    "node_modules/emoji-regex": {
      "version": "8.0.0",
      "resolved": "https://registry.npmjs.org/emoji-regex/-/emoji-regex-8.0.0.tgz",
      "integrity": "sha512-MSjYzcWNOA0ewAHpz0MxpYFvwg6yjy1NG3xteoqz644VCo/RPgnr1/GGt+ic3iJTzQ8Eu3TdM14SawnVUmGE6A=="
    },
    "node_modules/escape-string-regexp": {
      "version": "1.0.5",
      "resolved": "https://registry.npmjs.org/escape-string-regexp/-/escape-string-regexp-1.0.5.tgz",
      "integrity": "sha512-vbRorB5FUQWvla16U8R/qgaFIya2qGzwDrNmCZuYKrbdSUMG6I1ZCGQRefkRVhuOkIGVne7BQ35DSfo1qvJqFg==",
      "engines": {
        "node": ">=0.8.0"
      }
    },
    "node_modules/external-editor": {
      "version": "3.1.0",
      "resolved": "https://registry.npmjs.org/external-editor/-/external-editor-3.1.0.tgz",
      "integrity": "sha512-hMQ4CX1p1izmuLYyZqLMO/qGNw10wSv9QDCPfzXfyFrOaCSSoRfqE1Kf1s5an66J5JZC62NewG+mK49jOCtQew==",
      "dependencies": {
        "chardet": "^0.7.0",
        "iconv-lite": "^0.4.24",
        "tmp": "^0.0.33"
      },
      "engines": {
        "node": ">=4"
      }
    },
    "node_modules/figures": {
      "version": "3.2.0",
      "resolved": "https://registry.npmjs.org/figures/-/figures-3.2.0.tgz",
      "integrity": "sha512-yaduQFRKLXYOGgEn6AZau90j3ggSOyiqXU0F9JZfeXYhNa+Jk4X+s45A2zg5jns87GAFa34BBm2kXw4XpNcbdg==",
      "dependencies": {
        "escape-string-regexp": "^1.0.5"
      },
      "engines": {
        "node": ">=8"
      },
      "funding": {
        "url": "https://github.com/sponsors/sindresorhus"
      }
    },
    "node_modules/game-signaling-server": {
      "version": "1.0.0",
      "resolved": "git+ssh://git@github.com/immortalnights/game-signaling-server.git#86da229371ff907fe654213cb505e80235ead6f4",
      "license": "ISC",
      "dependencies": {
        "@inquirer/prompts": "^3.3.0",
        "commander": "^11.1.0",
        "install": "^0.13.0",
        "uWebSockets.js": "github:uNetworking/uWebSockets.js#v20.39.0",
        "werift": "^0.19.0",
        "ws": "^8.16.0"
      }
    },
    "node_modules/generate-function": {
      "version": "2.3.1",
      "resolved": "https://registry.npmjs.org/generate-function/-/generate-function-2.3.1.tgz",
      "integrity": "sha512-eeB5GfMNeevm/GRYq20ShmsaGcmI81kIX2K9XQx5miC8KdHaC6Jm0qQ8ZNeGOi7wYB8OsdxKs+Y2oVuTFuVwKQ==",
      "dependencies": {
        "is-property": "^1.0.2"
      }
    },
    "node_modules/has-flag": {
      "version": "4.0.0",
      "resolved": "https://registry.npmjs.org/has-flag/-/has-flag-4.0.0.tgz",
      "integrity": "sha512-EykJT/Q1KjTWctppgIAgfSO0tKVuZUjhgMr17kqTumMl6Afv3EISleU7qZUzoXDFTAHTDC4NOoG/ZxU3EvlMPQ==",
      "engines": {
        "node": ">=8"
      }
    },
    "node_modules/iconv-lite": {
      "version": "0.4.24",
      "resolved": "https://registry.npmjs.org/iconv-lite/-/iconv-lite-0.4.24.tgz",
      "integrity": "sha512-v3MXnZAcvnywkTUEZomIActle7RXXeedOR31wwl7VlyoXO4Qi9arvSenNQWne1TcRwhCL1HwLI21bEqdpj8/rA==",
      "dependencies": {
        "safer-buffer": ">= 2.1.2 < 3"
      },
      "engines": {
        "node": ">=0.10.0"
      }
    },
    "node_modules/install": {
      "version": "0.13.0",
      "resolved": "https://registry.npmjs.org/install/-/install-0.13.0.tgz",
      "integrity": "sha512-zDml/jzr2PKU9I8J/xyZBQn8rPCAY//UOYNmR01XwNwyfhEWObo2SWfSl1+0tm1u6PhxLwDnfsT/6jB7OUxqFA==",
      "engines": {
        "node": ">= 0.10"
      }
    },
    "node_modules/int64-buffer": {
      "version": "1.0.1",
      "resolved": "https://registry.npmjs.org/int64-buffer/-/int64-buffer-1.0.1.tgz",
      "integrity": "sha512-+3azY4pXrjAupJHU1V9uGERWlhoqNswJNji6aD/02xac7oxol508AsMC5lxKhEqyZeDFy3enq5OGWXF4u75hiw==",
      "engines": {
        "node": ">= 4.5.0"
      }
    },
    "node_modules/ip": {
      "version": "1.1.8",
      "resolved": "https://registry.npmjs.org/ip/-/ip-1.1.8.tgz",
      "integrity": "sha512-PuExPYUiu6qMBQb4l06ecm6T6ujzhmh+MeJcW9wa89PoAz5pvd4zPgN5WJV104mb6S2T1AwNIAaB70JNrLQWhg=="
    },
    "node_modules/ipaddr.js": {
      "version": "2.1.0",
      "resolved": "https://registry.npmjs.org/ipaddr.js/-/ipaddr.js-2.1.0.tgz",
      "integrity": "sha512-LlbxQ7xKzfBusov6UMi4MFpEg0m+mAm9xyNGEduwXMEDuf4WfzB/RZwMVYEd7IKGvh4IUkEXYxtAVu9T3OelJQ==",
      "engines": {
        "node": ">= 10"
      }
    },
    "node_modules/is-fullwidth-code-point": {
      "version": "3.0.0",
      "resolved": "https://registry.npmjs.org/is-fullwidth-code-point/-/is-fullwidth-code-point-3.0.0.tgz",
      "integrity": "sha512-zymm5+u+sCsSWyD9qNaejV3DFvhCKclKdizYaJUuHA83RLjb7nSuGnddCHGv0hk+KY7BMAlsWeK4Ueg6EV6XQg==",
      "engines": {
        "node": ">=8"
      }
    },
    "node_modules/is-plain-object": {
      "version": "2.0.4",
      "resolved": "https://registry.npmjs.org/is-plain-object/-/is-plain-object-2.0.4.tgz",
      "integrity": "sha512-h5PpgXkWitc38BBMYawTYMWJHFZJVnBquFE57xFpjB8pJFiF6gZ+bU+WyI/yqXiFR5mdLsgYNaPe8uao6Uv9Og==",
      "dependencies": {
        "isobject": "^3.0.1"
      },
      "engines": {
        "node": ">=0.10.0"
      }
    },
    "node_modules/is-property": {
      "version": "1.0.2",
      "resolved": "https://registry.npmjs.org/is-property/-/is-property-1.0.2.tgz",
      "integrity": "sha512-Ks/IoX00TtClbGQr4TWXemAnktAQvYB7HzcCxDGqEZU6oCmb2INHuOoKxbtR+HFkmYWBKv/dOZtGRiAjDhj92g=="
    },
    "node_modules/isobject": {
      "version": "3.0.1",
      "resolved": "https://registry.npmjs.org/isobject/-/isobject-3.0.1.tgz",
      "integrity": "sha512-WhB9zCku7EGTj/HQQRz5aUQEUeoQZH2bWcltRErOpymJ4boYE6wL9Tbr23krRPSZ+C5zqNSrSw+Cc7sZZ4b7vg==",
      "engines": {
        "node": ">=0.10.0"
      }
    },
    "node_modules/jspack": {
      "version": "0.0.4",
      "resolved": "https://registry.npmjs.org/jspack/-/jspack-0.0.4.tgz",
      "integrity": "sha512-DC/lSTXYDDdYWzyY/9A1kMzp6Ov9mCRhZQ1cGg4te2w3y4/aKZTSspvbYN4LUsvSzMCb/H8z4TV9mYYW/bs3PQ=="
    },
    "node_modules/lodash": {
      "version": "4.17.21",
      "resolved": "https://registry.npmjs.org/lodash/-/lodash-4.17.21.tgz",
      "integrity": "sha512-v2kDEe57lecTulaDIuNTPy3Ry4gLGJ6Z1O3vE1krgXZNrsQ+LFTGHVxVjcXPs17LhbZVGedAJv8XZ1tvj5FvSg=="
    },
    "node_modules/lodash.memoize": {
      "version": "4.1.2",
      "resolved": "https://registry.npmjs.org/lodash.memoize/-/lodash.memoize-4.1.2.tgz",
      "integrity": "sha512-t7j+NzmgnQzTAYXcsHYLgimltOV1MXHtlOWf6GjL9Kj8GK5FInw5JotxvbOs+IvV1/Dzo04/fCGfLVs7aXb4Ag=="
    },
    "node_modules/mp4box": {
      "version": "0.5.2",
      "resolved": "https://registry.npmjs.org/mp4box/-/mp4box-0.5.2.tgz",
      "integrity": "sha512-zRmGlvxy+YdW3Dmt+TR4xPHynbxwXtAQDTN/Fo9N3LMxaUlB2C5KmZpzYyGKy4c7k4Jf3RCR0A2pm9SZELOLXw=="
    },
    "node_modules/ms": {
      "version": "2.1.2",
      "resolved": "https://registry.npmjs.org/ms/-/ms-2.1.2.tgz",
      "integrity": "sha512-sGkPx+VjMtmA6MX27oA4FBFELFCZZ4S4XqeGOXCv68tT+jb3vk/RyaKWP0PTKyWtmLSM0b+adUTEvbs1PEaH2w=="
    },
    "node_modules/mute-stream": {
      "version": "1.0.0",
      "resolved": "https://registry.npmjs.org/mute-stream/-/mute-stream-1.0.0.tgz",
      "integrity": "sha512-avsJQhyd+680gKXyG/sQc0nXaC6rBkPOfyHYcFb9+hdkqQkR9bdnkJ0AMZhke0oesPqIO+mFFJ+IdBc7mst4IA==",
      "engines": {
        "node": "^14.17.0 || ^16.13.0 || >=18.0.0"
      }
    },
    "node_modules/nano-time": {
      "version": "1.0.0",
      "resolved": "https://registry.npmjs.org/nano-time/-/nano-time-1.0.0.tgz",
      "integrity": "sha512-flnngywOoQ0lLQOTRNexn2gGSNuM9bKj9RZAWSzhQ+UJYaAFG9bac4DW9VHjUAzrOaIcajHybCTHe/bkvozQqA==",
      "dependencies": {
        "big-integer": "^1.6.16"
      }
    },
    "node_modules/os-tmpdir": {
      "version": "1.0.2",
      "resolved": "https://registry.npmjs.org/os-tmpdir/-/os-tmpdir-1.0.2.tgz",
      "integrity": "sha512-D2FR03Vir7FIu45XBY20mTb+/ZSWB00sjU9jdQXt83gDrI4Ztz5Fs7/yy74g2N5SVQY4xY1qDr4rNddwYRVX0g==",
      "engines": {
        "node": ">=0.10.0"
      }
    },
    "node_modules/p-cancelable": {
      "version": "2.1.1",
      "resolved": "https://registry.npmjs.org/p-cancelable/-/p-cancelable-2.1.1.tgz",
      "integrity": "sha512-BZOr3nRQHOntUjTrH8+Lh54smKHoHyur8We1V8DSMVrl5A2malOOwuJRnKRDjSnkoeBh4at6BwEnb5I7Jl31wg==",
      "engines": {
        "node": ">=8"
      }
    },
    "node_modules/pvtsutils": {
      "version": "1.3.5",
      "resolved": "https://registry.npmjs.org/pvtsutils/-/pvtsutils-1.3.5.tgz",
      "integrity": "sha512-ARvb14YB9Nm2Xi6nBq1ZX6dAM0FsJnuk+31aUp4TrcZEdKUlSqOqsxJHUPJDNE3qiIp+iUPEIeR6Je/tgV7zsA==",
      "dependencies": {
        "tslib": "^2.6.1"
      }
    },
    "node_modules/pvutils": {
      "version": "1.1.3",
      "resolved": "https://registry.npmjs.org/pvutils/-/pvutils-1.1.3.tgz",
      "integrity": "sha512-pMpnA0qRdFp32b1sJl1wOJNxZLQ2cbQx+k6tjNtZ8CpvVhNqEPRgivZ2WOUev2YMajecdH7ctUPDvEe87nariQ==",
      "engines": {
        "node": ">=6.0.0"
      }
    },
    "node_modules/reflect-metadata": {
      "version": "0.2.1",
      "resolved": "https://registry.npmjs.org/reflect-metadata/-/reflect-metadata-0.2.1.tgz",
      "integrity": "sha512-i5lLI6iw9AU3Uu4szRNPPEkomnkjRTaVt9hy/bn5g/oSzekBSMeLZblcjP74AW0vBabqERLLIrz+gR8QYR54Tw=="
    },
    "node_modules/regenerator-runtime": {
      "version": "0.14.1",
      "resolved": "https://registry.npmjs.org/regenerator-runtime/-/regenerator-runtime-0.14.1.tgz",
      "integrity": "sha512-dYnhHh0nJoMfnkZs6GmmhFknAGRrLznOu5nc9ML+EJxGvrx6H7teuevqVqCuPcPK//3eDrrjQhehXVx9cnkGdw=="
    },
    "node_modules/run-async": {
      "version": "3.0.0",
      "resolved": "https://registry.npmjs.org/run-async/-/run-async-3.0.0.tgz",
      "integrity": "sha512-540WwVDOMxA6dN6We19EcT9sc3hkXPw5mzRNGM3FkdN/vtE9NFvj5lFAPNwUDmJjXidm3v7TC1cTE7t17Ulm1Q==",
      "engines": {
        "node": ">=0.12.0"
      }
    },
    "node_modules/rx.mini": {
      "version": "1.4.0",
      "resolved": "https://registry.npmjs.org/rx.mini/-/rx.mini-1.4.0.tgz",
      "integrity": "sha512-8w5cSc1mwNja7fl465DXOkVvIOkpvh2GW4jo31nAIvX4WTXCsRnKJGUfiDBzWtYRInEcHAUYIZfzusjIrea8gA=="
    },
    "node_modules/safer-buffer": {
      "version": "2.1.2",
      "resolved": "https://registry.npmjs.org/safer-buffer/-/safer-buffer-2.1.2.tgz",
      "integrity": "sha512-YZo3K82SD7Riyi0E1EQPojLz7kpepnSQI9IyPbHHg1XXXevb5dJI7tpyN2ADxGcQbHG7vcyRHk0cbwqcQriUtg=="
    },
    "node_modules/signal-exit": {
      "version": "4.1.0",
      "resolved": "https://registry.npmjs.org/signal-exit/-/signal-exit-4.1.0.tgz",
      "integrity": "sha512-bzyZ1e88w9O1iNJbKnOlvYTrWPDl46O1bG0D3XInv+9tkPrxrN8jUUTiFlDkkmKWgn1M6CfIA13SuGqOa9Korw==",
      "engines": {
        "node": ">=14"
      },
      "funding": {
        "url": "https://github.com/sponsors/isaacs"
      }
    },
    "node_modules/string-width": {
      "version": "4.2.3",
      "resolved": "https://registry.npmjs.org/string-width/-/string-width-4.2.3.tgz",
      "integrity": "sha512-wKyQRQpjJ0sIp62ErSZdGsjMJWsap5oRNihHhu6G7JVO/9jIB6UyevL+tXuOqrng8j/cxKTWyWUwvSTriiZz/g==",
      "dependencies": {
        "emoji-regex": "^8.0.0",
        "is-fullwidth-code-point": "^3.0.0",
        "strip-ansi": "^6.0.1"
      },
      "engines": {
        "node": ">=8"
      }
    },
    "node_modules/strip-ansi": {
      "version": "6.0.1",
      "resolved": "https://registry.npmjs.org/strip-ansi/-/strip-ansi-6.0.1.tgz",
      "integrity": "sha512-Y38VPSHcqkFrCpFnQ9vuSXmquuv5oXOKpGeT6aGrr3o3Gc9AlVa6JBfUSOCnbxGGZF+/0ooI7KrPuUSztUdU5A==",
      "dependencies": {
        "ansi-regex": "^5.0.1"
      },
      "engines": {
        "node": ">=8"
      }
    },
    "node_modules/supports-color": {
      "version": "7.2.0",
      "resolved": "https://registry.npmjs.org/supports-color/-/supports-color-7.2.0.tgz",
      "integrity": "sha512-qpCAvRl9stuOHveKsn7HncJRvv501qIacKzQlO/+Lwxc9+0q2wLyv4Dfvt80/DPn2pqOBsJdDiogXGR9+OvwRw==",
      "dependencies": {
        "has-flag": "^4.0.0"
      },
      "engines": {
        "node": ">=8"
      }
    },
    "node_modules/tmp": {
      "version": "0.0.33",
      "resolved": "https://registry.npmjs.org/tmp/-/tmp-0.0.33.tgz",
      "integrity": "sha512-jRCJlojKnZ3addtTOjdIqoRuPEKBvNXcGYqzO6zWZX8KfKEpnGY5jfggJQ3EjKuu8D4bJRr0y+cYJFmYbImXGw==",
      "dependencies": {
        "os-tmpdir": "~1.0.2"
      },
      "engines": {
        "node": ">=0.6.0"
      }
    },
    "node_modules/tslib": {
      "version": "2.6.2",
      "resolved": "https://registry.npmjs.org/tslib/-/tslib-2.6.2.tgz",
      "integrity": "sha512-AEYxH93jGFPn/a2iVAwW87VuUIkR1FVUKB77NwMF7nBTDkDrrT/Hpt/IrCJ0QXhW27jTBDcf5ZY7w6RiqTMw2Q=="
    },
    "node_modules/tsyringe": {
      "version": "4.8.0",
      "resolved": "https://registry.npmjs.org/tsyringe/-/tsyringe-4.8.0.tgz",
      "integrity": "sha512-YB1FG+axdxADa3ncEtRnQCFq/M0lALGLxSZeVNbTU8NqhOVc51nnv2CISTcvc1kyv6EGPtXVr0v6lWeDxiijOA==",
      "dependencies": {
        "tslib": "^1.9.3"
      },
      "engines": {
        "node": ">= 6.0.0"
      }
    },
    "node_modules/tsyringe/node_modules/tslib": {
      "version": "1.14.1",
      "resolved": "https://registry.npmjs.org/tslib/-/tslib-1.14.1.tgz",
      "integrity": "sha512-Xni35NKzjgMrwevysHTCArtLDpPvye8zV/0E4EyYn43P7/7qvQwPh9BGkHewbMulVntbigmcT7rdX3BNo9wRJg=="
    },
    "node_modules/turbo-crc32": {
      "version": "1.0.1",
      "resolved": "https://registry.npmjs.org/turbo-crc32/-/turbo-crc32-1.0.1.tgz",
      "integrity": "sha512-8yyRd1ZdNp+AQLGqi3lTaA2k81JjlIZOyFQEsi7GQWBgirnQOxjqVtDEbYHM2Z4yFdJ5AQw0fxBLLnDCl6RXoQ==",
      "engines": {
        "node": ">=6"
      }
    },
    "node_modules/tweetnacl": {
      "version": "1.0.3",
      "resolved": "https://registry.npmjs.org/tweetnacl/-/tweetnacl-1.0.3.tgz",
      "integrity": "sha512-6rt+RN7aOi1nGMyC4Xa5DdYiukl2UWCbcJft7YhxReBGQD7OAM8Pbxw6YMo4r2diNEA8FEmu32YOn9rhaiE5yw=="
    },
    "node_modules/type-fest": {
      "version": "0.21.3",
      "resolved": "https://registry.npmjs.org/type-fest/-/type-fest-0.21.3.tgz",
      "integrity": "sha512-t0rzBq87m3fVcduHDUFhKmyyX+9eo6WQjZvf51Ea/M0Q7+T374Jp1aUiyUl0GKxp8M/OETVHSDvmkyPgvX+X2w==",
      "engines": {
        "node": ">=10"
      },
      "funding": {
        "url": "https://github.com/sponsors/sindresorhus"
      }
    },
    "node_modules/typescript": {
      "version": "5.3.3",
      "resolved": "https://registry.npmjs.org/typescript/-/typescript-5.3.3.tgz",
      "integrity": "sha512-pXWcraxM0uxAS+tN0AG/BF2TyqmHO014Z070UsJ+pFvYuRSq8KH8DmWpnbXe0pEPDHXZV3FcAbJkijJ5oNEnWw==",
      "bin": {
        "tsc": "bin/tsc",
        "tsserver": "bin/tsserver"
      },
      "engines": {
        "node": ">=14.17"
      }
    },
    "node_modules/undici-types": {
      "version": "5.26.5",
      "resolved": "https://registry.npmjs.org/undici-types/-/undici-types-5.26.5.tgz",
      "integrity": "sha512-JlCMO+ehdEIKqlFxk6IfVoAUVmgz7cU7zD/h9XZ0qzeosSHmUJVOzSQvvYSYWXkFXC+IfLKSIffhv0sVZup6pA=="
    },
    "node_modules/uuid": {
      "version": "9.0.1",
      "resolved": "https://registry.npmjs.org/uuid/-/uuid-9.0.1.tgz",
      "integrity": "sha512-b+1eJOlsR9K8HJpow9Ok3fiWOWSIcIzXodvv0rQjVoOVNpWMpxf1wZNpt4y9h10odCNrqnYp1OBzRktckBe3sA==",
      "funding": [
        "https://github.com/sponsors/broofa",
        "https://github.com/sponsors/ctavan"
      ],
      "bin": {
        "uuid": "dist/bin/uuid"
      }
    },
    "node_modules/uWebSockets.js": {
      "version": "20.39.0",
      "resolved": "git+ssh://git@github.com/uNetworking/uWebSockets.js.git#ec37cb6444a284c4a0a8d50041a23a4bac9e5715",
      "license": "Apache-2.0"
    },
    "node_modules/webcrypto-core": {
      "version": "1.7.8",
      "resolved": "https://registry.npmjs.org/webcrypto-core/-/webcrypto-core-1.7.8.tgz",
      "integrity": "sha512-eBR98r9nQXTqXt/yDRtInszPMjTaSAMJAFDg2AHsgrnczawT1asx9YNBX6k5p+MekbPF4+s/UJJrr88zsTqkSg==",
      "dependencies": {
        "@peculiar/asn1-schema": "^2.3.8",
        "@peculiar/json-schema": "^1.1.12",
        "asn1js": "^3.0.1",
        "pvtsutils": "^1.3.5",
        "tslib": "^2.6.2"
      }
    },
    "node_modules/werift": {
      "version": "0.19.0",
      "resolved": "https://registry.npmjs.org/werift/-/werift-0.19.0.tgz",
      "integrity": "sha512-8m+1RVtBZmCd7WwuSXtcnzmckRWHXg5Z9aoUMHwocKLdu9SSSJU2tQO5Lp/khO0RzQISB30ErOPu/BMCSqUewg==",
      "dependencies": {
        "@fidm/x509": "^1.2.1",
        "@minhducsun2002/leb128": "^1.0.0",
        "@noble/curves": "^1.3.0",
        "@peculiar/webcrypto": "^1.4.1",
        "@peculiar/x509": "^1.9.2",
        "@shinyoshiaki/ebml-builder": "^0.0.1",
        "aes-js": "^3.1.2",
        "binary-data": "^0.6.0",
        "buffer-crc32": "^0.2.13",
        "date-fns": "^2.29.3",
        "debug": "^4.3.4",
        "int64-buffer": "^1.0.1",
        "ip": "^1.1.8",
        "jspack": "^0.0.4",
        "lodash": "^4.17.21",
        "mp4box": "^0.5.2",
        "nano-time": "^1.0.0",
        "p-cancelable": "^2.1.1",
        "rx.mini": "^1.2.2",
        "turbo-crc32": "^1.0.1",
        "tweetnacl": "^1.0.3",
        "uuid": "^9.0.0"
      },
      "engines": {
        "node": ">=16"
      }
    },
    "node_modules/wrap-ansi": {
      "version": "6.2.0",
      "resolved": "https://registry.npmjs.org/wrap-ansi/-/wrap-ansi-6.2.0.tgz",
      "integrity": "sha512-r6lPcBGxZXlIcymEu7InxDMhdW0KDxpLgoFLcguasxCaJ/SOIZwINatK9KY/tf+ZrlywOKU0UDj3ATXUBfxJXA==",
      "dependencies": {
        "ansi-styles": "^4.0.0",
        "string-width": "^4.1.0",
        "strip-ansi": "^6.0.0"
      },
      "engines": {
        "node": ">=8"
      }
    },
    "node_modules/ws": {
      "version": "8.16.0",
      "resolved": "https://registry.npmjs.org/ws/-/ws-8.16.0.tgz",
      "integrity": "sha512-HS0c//TP7Ina87TfiPUz1rQzMhHrl/SG2guqRcTOIUYD2q8uhUdNHZYJUaQ8aTGPzCh+c6oawMKW35nFl1dxyQ==",
      "engines": {
        "node": ">=10.0.0"
      },
      "peerDependencies": {
        "bufferutil": "^4.0.1",
        "utf-8-validate": ">=5.0.2"
      },
      "peerDependenciesMeta": {
        "bufferutil": {
          "optional": true
        },
        "utf-8-validate": {
          "optional": true
        }
      }
    }
  }
}
